// !$*UTF8*$!
{
	archiveVersion = 1;
	classes = {
	};
	objectVersion = 48;
	objects = {

/* Begin PBXBuildFile section */
		2CFA2034221A4AAB00C50A2E /* AppDelegate.swift in Sources */ = {isa = PBXBuildFile; fileRef = 2CFA2033221A4AAB00C50A2E /* AppDelegate.swift */; };
		2CFA2039221A4AAB00C50A2E /* Main.storyboard in Resources */ = {isa = PBXBuildFile; fileRef = 2CFA2037221A4AAB00C50A2E /* Main.storyboard */; };
		2CFA203E221A4AAB00C50A2E /* Assets.xcassets in Resources */ = {isa = PBXBuildFile; fileRef = 2CFA203D221A4AAB00C50A2E /* Assets.xcassets */; };
		2CFA2041221A4AAB00C50A2E /* LaunchScreen.storyboard in Resources */ = {isa = PBXBuildFile; fileRef = 2CFA203F221A4AAB00C50A2E /* LaunchScreen.storyboard */; };
		2CFA2050221A8B6B00C50A2E /* RSSFeedDetailViewController.swift in Sources */ = {isa = PBXBuildFile; fileRef = 2CFA204F221A8B6B00C50A2E /* RSSFeedDetailViewController.swift */; };
		EDEA2369221B050A00A6B4E4 /* FeedParser.swift in Sources */ = {isa = PBXBuildFile; fileRef = EDEA2368221B050A00A6B4E4 /* FeedParser.swift */; };
		EDEA236B221B08DC00A6B4E4 /* RSSFeed.swift in Sources */ = {isa = PBXBuildFile; fileRef = EDEA236A221B08DC00A6B4E4 /* RSSFeed.swift */; };
		EDEA236D221B098700A6B4E4 /* RSSFeedItem.swift in Sources */ = {isa = PBXBuildFile; fileRef = EDEA236C221B098700A6B4E4 /* RSSFeedItem.swift */; };
		EDEA236F221B0A2000A6B4E4 /* RSSFeedItemEnclosure.swift in Sources */ = {isa = PBXBuildFile; fileRef = EDEA236E221B0A2000A6B4E4 /* RSSFeedItemEnclosure.swift */; };
		EDEA2371221B10F900A6B4E4 /* XmlFeedParser.swift in Sources */ = {isa = PBXBuildFile; fileRef = EDEA2370221B10F900A6B4E4 /* XmlFeedParser.swift */; };
		EDEA2373221B140E00A6B4E4 /* RSSPath.swift in Sources */ = {isa = PBXBuildFile; fileRef = EDEA2372221B140E00A6B4E4 /* RSSPath.swift */; };
		EDEA2377221B26FC00A6B4E4 /* RSSFeedTableViewController.swift in Sources */ = {isa = PBXBuildFile; fileRef = EDEA2376221B26FC00A6B4E4 /* RSSFeedTableViewController.swift */; };
/* End PBXBuildFile section */

/* Begin PBXFileReference section */
		2CFA2030221A4AAB00C50A2E /* SoccerNews.app */ = {isa = PBXFileReference; explicitFileType = wrapper.application; includeInIndex = 0; path = SoccerNews.app; sourceTree = BUILT_PRODUCTS_DIR; };
		2CFA2033221A4AAB00C50A2E /* AppDelegate.swift */ = {isa = PBXFileReference; lastKnownFileType = sourcecode.swift; path = AppDelegate.swift; sourceTree = "<group>"; };
		2CFA2038221A4AAB00C50A2E /* Base */ = {isa = PBXFileReference; lastKnownFileType = file.storyboard; name = Base; path = Base.lproj/Main.storyboard; sourceTree = "<group>"; };
		2CFA203D221A4AAB00C50A2E /* Assets.xcassets */ = {isa = PBXFileReference; lastKnownFileType = folder.assetcatalog; path = Assets.xcassets; sourceTree = "<group>"; };
		2CFA2040221A4AAB00C50A2E /* Base */ = {isa = PBXFileReference; lastKnownFileType = file.storyboard; name = Base; path = Base.lproj/LaunchScreen.storyboard; sourceTree = "<group>"; };
		2CFA2042221A4AAB00C50A2E /* Info.plist */ = {isa = PBXFileReference; lastKnownFileType = text.plist.xml; path = Info.plist; sourceTree = "<group>"; };
		2CFA204F221A8B6B00C50A2E /* RSSFeedDetailViewController.swift */ = {isa = PBXFileReference; lastKnownFileType = sourcecode.swift; path = RSSFeedDetailViewController.swift; sourceTree = "<group>"; };
		EDEA2368221B050A00A6B4E4 /* FeedParser.swift */ = {isa = PBXFileReference; lastKnownFileType = sourcecode.swift; path = FeedParser.swift; sourceTree = "<group>"; };
		EDEA236A221B08DC00A6B4E4 /* RSSFeed.swift */ = {isa = PBXFileReference; lastKnownFileType = sourcecode.swift; path = RSSFeed.swift; sourceTree = "<group>"; };
		EDEA236C221B098700A6B4E4 /* RSSFeedItem.swift */ = {isa = PBXFileReference; lastKnownFileType = sourcecode.swift; path = RSSFeedItem.swift; sourceTree = "<group>"; };
		EDEA236E221B0A2000A6B4E4 /* RSSFeedItemEnclosure.swift */ = {isa = PBXFileReference; lastKnownFileType = sourcecode.swift; path = RSSFeedItemEnclosure.swift; sourceTree = "<group>"; };
		EDEA2370221B10F900A6B4E4 /* XmlFeedParser.swift */ = {isa = PBXFileReference; lastKnownFileType = sourcecode.swift; path = XmlFeedParser.swift; sourceTree = "<group>"; };
		EDEA2372221B140E00A6B4E4 /* RSSPath.swift */ = {isa = PBXFileReference; lastKnownFileType = sourcecode.swift; path = RSSPath.swift; sourceTree = "<group>"; };
		EDEA2376221B26FC00A6B4E4 /* RSSFeedTableViewController.swift */ = {isa = PBXFileReference; fileEncoding = 4; lastKnownFileType = sourcecode.swift; path = RSSFeedTableViewController.swift; sourceTree = "<group>"; };
/* End PBXFileReference section */

/* Begin PBXFrameworksBuildPhase section */
		2CFA202D221A4AAB00C50A2E /* Frameworks */ = {
			isa = PBXFrameworksBuildPhase;
			buildActionMask = 2147483647;
			files = (
			);
			runOnlyForDeploymentPostprocessing = 0;
		};
/* End PBXFrameworksBuildPhase section */

/* Begin PBXGroup section */
		2CFA2027221A4AAB00C50A2E = {
			isa = PBXGroup;
			children = (
				2CFA2032221A4AAB00C50A2E /* SoccerNews */,
				2CFA2031221A4AAB00C50A2E /* Products */,
			);
			sourceTree = "<group>";
		};
		2CFA2031221A4AAB00C50A2E /* Products */ = {
			isa = PBXGroup;
			children = (
				2CFA2030221A4AAB00C50A2E /* SoccerNews.app */,
			);
			name = Products;
			sourceTree = "<group>";
		};
		2CFA2032221A4AAB00C50A2E /* SoccerNews */ = {
			isa = PBXGroup;
			children = (
				2CFA2033221A4AAB00C50A2E /* AppDelegate.swift */,
				EDEA2367221B04D600A6B4E4 /* Source */,
				2CFA204A221A53F300C50A2E /* Model */,
				2CFE7FD4221BA43D0029BBCD /* ViewModel */,
				2CFE7FD3221BA2430029BBCD /* View */,
				2CFA203D221A4AAB00C50A2E /* Assets.xcassets */,
				2CFA2042221A4AAB00C50A2E /* Info.plist */,
			);
			path = SoccerNews;
			sourceTree = "<group>";
		};
		2CFA204A221A53F300C50A2E /* Model */ = {
			isa = PBXGroup;
			children = (
				EDEA236C221B098700A6B4E4 /* RSSFeedItem.swift */,
				EDEA236E221B0A2000A6B4E4 /* RSSFeedItemEnclosure.swift */,
				EDEA2372221B140E00A6B4E4 /* RSSPath.swift */,
			);
			path = Model;
			sourceTree = "<group>";
		};
		2CFE7FD3221BA2430029BBCD /* View */ = {
			isa = PBXGroup;
			children = (
				EDEA2376221B26FC00A6B4E4 /* RSSFeedTableViewController.swift */,
				2CFA204F221A8B6B00C50A2E /* RSSFeedDetailViewController.swift */,
				2CFA2037221A4AAB00C50A2E /* Main.storyboard */,
				2CFA203F221A4AAB00C50A2E /* LaunchScreen.storyboard */,
			);
			path = View;
			sourceTree = "<group>";
		};
		2CFE7FD4221BA43D0029BBCD /* ViewModel */ = {
			isa = PBXGroup;
			children = (
				EDEA236A221B08DC00A6B4E4 /* RSSFeed.swift */,
			);
			path = ViewModel;
			sourceTree = "<group>";
		};
		EDEA2367221B04D600A6B4E4 /* Source */ = {
			isa = PBXGroup;
			children = (
				EDEA2368221B050A00A6B4E4 /* FeedParser.swift */,
				EDEA2370221B10F900A6B4E4 /* XmlFeedParser.swift */,
			);
			path = Source;
			sourceTree = "<group>";
		};
/* End PBXGroup section */

/* Begin PBXNativeTarget section */
		2CFA202F221A4AAB00C50A2E /* SoccerNews */ = {
			isa = PBXNativeTarget;
			buildConfigurationList = 2CFA2045221A4AAB00C50A2E /* Build configuration list for PBXNativeTarget "SoccerNews" */;
			buildPhases = (
				2CFA202C221A4AAB00C50A2E /* Sources */,
				2CFA202D221A4AAB00C50A2E /* Frameworks */,
				2CFA202E221A4AAB00C50A2E /* Resources */,
			);
			buildRules = (
			);
			dependencies = (
			);
			name = SoccerNews;
			productName = SoccerNews;
			productReference = 2CFA2030221A4AAB00C50A2E /* SoccerNews.app */;
			productType = "com.apple.product-type.application";
		};
/* End PBXNativeTarget section */

/* Begin PBXProject section */
		2CFA2028221A4AAB00C50A2E /* Project object */ = {
			isa = PBXProject;
			attributes = {
				LastSwiftUpdateCheck = 0920;
				LastUpgradeCheck = 1010;
				ORGANIZATIONNAME = Thuannv;
				TargetAttributes = {
					2CFA202F221A4AAB00C50A2E = {
						CreatedOnToolsVersion = 9.2;
						LastSwiftMigration = 1010;
						ProvisioningStyle = Automatic;
					};
				};
			};
			buildConfigurationList = 2CFA202B221A4AAB00C50A2E /* Build configuration list for PBXProject "SoccerNews" */;
			compatibilityVersion = "Xcode 8.0";
			developmentRegion = en;
			hasScannedForEncodings = 0;
			knownRegions = (
				en,
				Base,
			);
			mainGroup = 2CFA2027221A4AAB00C50A2E;
			productRefGroup = 2CFA2031221A4AAB00C50A2E /* Products */;
			projectDirPath = "";
			projectRoot = "";
			targets = (
				2CFA202F221A4AAB00C50A2E /* SoccerNews */,
			);
		};
/* End PBXProject section */

/* Begin PBXResourcesBuildPhase section */
		2CFA202E221A4AAB00C50A2E /* Resources */ = {
			isa = PBXResourcesBuildPhase;
			buildActionMask = 2147483647;
			files = (
				2CFA2041221A4AAB00C50A2E /* LaunchScreen.storyboard in Resources */,
				2CFA203E221A4AAB00C50A2E /* Assets.xcassets in Resources */,
				2CFA2039221A4AAB00C50A2E /* Main.storyboard in Resources */,
			);
			runOnlyForDeploymentPostprocessing = 0;
		};
/* End PBXResourcesBuildPhase section */

/* Begin PBXSourcesBuildPhase section */
		2CFA202C221A4AAB00C50A2E /* Sources */ = {
			isa = PBXSourcesBuildPhase;
			buildActionMask = 2147483647;
			files = (
				EDEA2369221B050A00A6B4E4 /* FeedParser.swift in Sources */,
				EDEA236B221B08DC00A6B4E4 /* RSSFeed.swift in Sources */,
				EDEA2377221B26FC00A6B4E4 /* RSSFeedTableViewController.swift in Sources */,
				2CFA2050221A8B6B00C50A2E /* RSSFeedDetailViewController.swift in Sources */,
				EDEA2371221B10F900A6B4E4 /* XmlFeedParser.swift in Sources */,
				EDEA236D221B098700A6B4E4 /* RSSFeedItem.swift in Sources */,
				EDEA236F221B0A2000A6B4E4 /* RSSFeedItemEnclosure.swift in Sources */,
				2CFA2034221A4AAB00C50A2E /* AppDelegate.swift in Sources */,
				EDEA2373221B140E00A6B4E4 /* RSSPath.swift in Sources */,
			);
			runOnlyForDeploymentPostprocessing = 0;
		};
/* End PBXSourcesBuildPhase section */

/* Begin PBXVariantGroup section */
		2CFA2037221A4AAB00C50A2E /* Main.storyboard */ = {
			isa = PBXVariantGroup;
			children = (
				2CFA2038221A4AAB00C50A2E /* Base */,
			);
			name = Main.storyboard;
			sourceTree = "<group>";
		};
		2CFA203F221A4AAB00C50A2E /* LaunchScreen.storyboard */ = {
			isa = PBXVariantGroup;
			children = (
				2CFA2040221A4AAB00C50A2E /* Base */,
			);
			name = LaunchScreen.storyboard;
			sourceTree = "<group>";
		};
/* End PBXVariantGroup section */

/* Begin XCBuildConfiguration section */
		2CFA2043221A4AAB00C50A2E /* Debug */ = {
			isa = XCBuildConfiguration;
			buildSettings = {
				ALWAYS_SEARCH_USER_PATHS = NO;
				CLANG_ANALYZER_NONNULL = YES;
				CLANG_ANALYZER_NUMBER_OBJECT_CONVERSION = YES_AGGRESSIVE;
				CLANG_CXX_LANGUAGE_STANDARD = "gnu++14";
				CLANG_CXX_LIBRARY = "libc++";
				CLANG_ENABLE_MODULES = YES;
				CLANG_ENABLE_OBJC_ARC = YES;
				CLANG_WARN_BLOCK_CAPTURE_AUTORELEASING = YES;
				CLANG_WARN_BOOL_CONVERSION = YES;
				CLANG_WARN_COMMA = YES;
				CLANG_WARN_CONSTANT_CONVERSION = YES;
				CLANG_WARN_DEPRECATED_OBJC_IMPLEMENTATIONS = YES;
				CLANG_WARN_DIRECT_OBJC_ISA_USAGE = YES_ERROR;
				CLANG_WARN_DOCUMENTATION_COMMENTS = YES;
				CLANG_WARN_EMPTY_BODY = YES;
				CLANG_WARN_ENUM_CONVERSION = YES;
				CLANG_WARN_INFINITE_RECURSION = YES;
				CLANG_WARN_INT_CONVERSION = YES;
				CLANG_WARN_NON_LITERAL_NULL_CONVERSION = YES;
				CLANG_WARN_OBJC_IMPLICIT_RETAIN_SELF = YES;
				CLANG_WARN_OBJC_LITERAL_CONVERSION = YES;
				CLANG_WARN_OBJC_ROOT_CLASS = YES_ERROR;
				CLANG_WARN_RANGE_LOOP_ANALYSIS = YES;
				CLANG_WARN_STRICT_PROTOTYPES = YES;
				CLANG_WARN_SUSPICIOUS_MOVE = YES;
				CLANG_WARN_UNGUARDED_AVAILABILITY = YES_AGGRESSIVE;
				CLANG_WARN_UNREACHABLE_CODE = YES;
				CLANG_WARN__DUPLICATE_METHOD_MATCH = YES;
				CODE_SIGN_IDENTITY = "iPhone Developer";
				COPY_PHASE_STRIP = NO;
				DEBUG_INFORMATION_FORMAT = dwarf;
				ENABLE_STRICT_OBJC_MSGSEND = YES;
				ENABLE_TESTABILITY = YES;
				GCC_C_LANGUAGE_STANDARD = gnu11;
				GCC_DYNAMIC_NO_PIC = NO;
				GCC_NO_COMMON_BLOCKS = YES;
				GCC_OPTIMIZATION_LEVEL = 0;
				GCC_PREPROCESSOR_DEFINITIONS = (
					"DEBUG=1",
					"$(inherited)",
				);
				GCC_WARN_64_TO_32_BIT_CONVERSION = YES;
				GCC_WARN_ABOUT_RETURN_TYPE = YES_ERROR;
				GCC_WARN_UNDECLARED_SELECTOR = YES;
				GCC_WARN_UNINITIALIZED_AUTOS = YES_AGGRESSIVE;
				GCC_WARN_UNUSED_FUNCTION = YES;
				GCC_WARN_UNUSED_VARIABLE = YES;
				IPHONEOS_DEPLOYMENT_TARGET = 11.2;
				MTL_ENABLE_DEBUG_INFO = YES;
				ONLY_ACTIVE_ARCH = YES;
				SDKROOT = iphoneos;
				SWIFT_ACTIVE_COMPILATION_CONDITIONS = DEBUG;
				SWIFT_OPTIMIZATION_LEVEL = "-Onone";
			};
			name = Debug;
		};
		2CFA2044221A4AAB00C50A2E /* Release */ = {
			isa = XCBuildConfiguration;
			buildSettings = {
				ALWAYS_SEARCH_USER_PATHS = NO;
				CLANG_ANALYZER_NONNULL = YES;
				CLANG_ANALYZER_NUMBER_OBJECT_CONVERSION = YES_AGGRESSIVE;
				CLANG_CXX_LANGUAGE_STANDARD = "gnu++14";
				CLANG_CXX_LIBRARY = "libc++";
				CLANG_ENABLE_MODULES = YES;
				CLANG_ENABLE_OBJC_ARC = YES;
				CLANG_WARN_BLOCK_CAPTURE_AUTORELEASING = YES;
				CLANG_WARN_BOOL_CONVERSION = YES;
				CLANG_WARN_COMMA = YES;
				CLANG_WARN_CONSTANT_CONVERSION = YES;
				CLANG_WARN_DEPRECATED_OBJC_IMPLEMENTATIONS = YES;
				CLANG_WARN_DIRECT_OBJC_ISA_USAGE = YES_ERROR;
				CLANG_WARN_DOCUMENTATION_COMMENTS = YES;
				CLANG_WARN_EMPTY_BODY = YES;
				CLANG_WARN_ENUM_CONVERSION = YES;
				CLANG_WARN_INFINITE_RECURSION = YES;
				CLANG_WARN_INT_CONVERSION = YES;
				CLANG_WARN_NON_LITERAL_NULL_CONVERSION = YES;
				CLANG_WARN_OBJC_IMPLICIT_RETAIN_SELF = YES;
				CLANG_WARN_OBJC_LITERAL_CONVERSION = YES;
				CLANG_WARN_OBJC_ROOT_CLASS = YES_ERROR;
				CLANG_WARN_RANGE_LOOP_ANALYSIS = YES;
				CLANG_WARN_STRICT_PROTOTYPES = YES;
				CLANG_WARN_SUSPICIOUS_MOVE = YES;
				CLANG_WARN_UNGUARDED_AVAILABILITY = YES_AGGRESSIVE;
				CLANG_WARN_UNREACHABLE_CODE = YES;
				CLANG_WARN__DUPLICATE_METHOD_MATCH = YES;
				CODE_SIGN_IDENTITY = "iPhone Developer";
				COPY_PHASE_STRIP = NO;
				DEBUG_INFORMATION_FORMAT = "dwarf-with-dsym";
				ENABLE_NS_ASSERTIONS = NO;
				ENABLE_STRICT_OBJC_MSGSEND = YES;
				GCC_C_LANGUAGE_STANDARD = gnu11;
				GCC_NO_COMMON_BLOCKS = YES;
				GCC_WARN_64_TO_32_BIT_CONVERSION = YES;
				GCC_WARN_ABOUT_RETURN_TYPE = YES_ERROR;
				GCC_WARN_UNDECLARED_SELECTOR = YES;
				GCC_WARN_UNINITIALIZED_AUTOS = YES_AGGRESSIVE;
				GCC_WARN_UNUSED_FUNCTION = YES;
				GCC_WARN_UNUSED_VARIABLE = YES;
				IPHONEOS_DEPLOYMENT_TARGET = 11.2;
				MTL_ENABLE_DEBUG_INFO = NO;
				SDKROOT = iphoneos;
				SWIFT_OPTIMIZATION_LEVEL = "-Owholemodule";
				VALIDATE_PRODUCT = YES;
			};
			name = Release;
		};
		2CFA2046221A4AAB00C50A2E /* Debug */ = {
			isa = XCBuildConfiguration;
			buildSettings = {
				ASSETCATALOG_COMPILER_APPICON_NAME = AppIcon;
				CODE_SIGN_STYLE = Automatic;
				DEVELOPMENT_TEAM = 6TW8C2AVLL;
				INFOPLIST_FILE = SoccerNews/Info.plist;
				LD_RUNPATH_SEARCH_PATHS = "$(inherited) @executable_path/Frameworks";
				PRODUCT_BUNDLE_IDENTIFIER = com.ss.SoccerNews;
				PRODUCT_NAME = "$(TARGET_NAME)";
				SWIFT_VERSION = 4.2;
				TARGETED_DEVICE_FAMILY = "1,2";
			};
			name = Debug;
		};
		2CFA2047221A4AAB00C50A2E /* Release */ = {
			isa = XCBuildConfiguration;
			buildSettings = {
				ASSETCATALOG_COMPILER_APPICON_NAME = AppIcon;
				CODE_SIGN_STYLE = Automatic;
				DEVELOPMENT_TEAM = 6TW8C2AVLL;
				INFOPLIST_FILE = SoccerNews/Info.plist;
				LD_RUNPATH_SEARCH_PATHS = "$(inherited) @executable_path/Frameworks";
				PRODUCT_BUNDLE_IDENTIFIER = com.ss.SoccerNews;
				PRODUCT_NAME = "$(TARGET_NAME)";
				SWIFT_VERSION = 4.2;
				TARGETED_DEVICE_FAMILY = "1,2";
			};
			name = Release;
		};
/* End XCBuildConfiguration section */

/* Begin XCConfigurationList section */
		2CFA202B221A4AAB00C50A2E /* Build configuration list for PBXProject "SoccerNews" */ = {
			isa = XCConfigurationList;
			buildConfigurations = (
				2CFA2043221A4AAB00C50A2E /* Debug */,
				2CFA2044221A4AAB00C50A2E /* Release */,
			);
			defaultConfigurationIsVisible = 0;
			defaultConfigurationName = Release;
		};
		2CFA2045221A4AAB00C50A2E /* Build configuration list for PBXNativeTarget "SoccerNews" */ = {
			isa = XCConfigurationList;
			buildConfigurations = (
				2CFA2046221A4AAB00C50A2E /* Debug */,
				2CFA2047221A4AAB00C50A2E /* Release */,
			);
			defaultConfigurationIsVisible = 0;
			defaultConfigurationName = Release;
		};
/* End XCConfigurationList section */
	};
	rootObject = 2CFA2028221A4AAB00C50A2E /* Project object */;
}
